
Microsoft Visual Studio Solution File, Format Version 12.00
# Visual Studio 2015
Project("{FAE04EC0-301F-11D3-BF4B-00C04F79EFBC}") = "Final Project-Version4", "Final Project-Version4.csproj", "{2B802BA3-4733-E71F-A9CE-0C0DD8F4B885}"
EndProject
Project("{FAE04EC0-301F-11D3-BF4B-00C04F79EFBC}") = "Final Project-Version4.Editor", "Final Project-Version4.Editor.csproj", "{21F570CC-3C86-A0B5-F3C1-74B1540E9894}"
EndProject
Global
	GlobalSection(SolutionConfigurationPlatforms) = preSolution
		Debug|Any CPU = Debug|Any CPU
		Release|Any CPU = Release|Any CPU
	EndGlobalSection
	GlobalSection(ProjectConfigurationPlatforms) = postSolution
		{2B802BA3-4733-E71F-A9CE-0C0DD8F4B885}.Debug|Any CPU.ActiveCfg = Debug|Any CPU
		{2B802BA3-4733-E71F-A9CE-0C0DD8F4B885}.Debug|Any CPU.Build.0 = Debug|Any CPU
		{2B802BA3-4733-E71F-A9CE-0C0DD8F4B885}.Release|Any CPU.ActiveCfg = Release|Any CPU
		{2B802BA3-4733-E71F-A9CE-0C0DD8F4B885}.Release|Any CPU.Build.0 = Release|Any CPU
		{21F570CC-3C86-A0B5-F3C1-74B1540E9894}.Debug|Any CPU.ActiveCfg = Debug|Any CPU
		{21F570CC-3C86-A0B5-F3C1-74B1540E9894}.Debug|Any CPU.Build.0 = Debug|Any CPU
		{21F570CC-3C86-A0B5-F3C1-74B1540E9894}.Release|Any CPU.ActiveCfg = Release|Any CPU
		{21F570CC-3C86-A0B5-F3C1-74B1540E9894}.Release|Any CPU.Build.0 = Release|Any CPU
	EndGlobalSection
	GlobalSection(SolutionProperties) = preSolution
		HideSolutionNode = FALSE
	EndGlobalSection
EndGlobal
