
Microsoft Visual Studio Solution File, Format Version 12.00
# Visual Studio 2015
Project("{FAE04EC0-301F-11D3-BF4B-00C04F79EFBC}") = "Final Project-Version9", "Final Project-Version9.csproj", "{F413E24A-275B-F6D3-A546-653F3191168D}"
EndProject
Project("{FAE04EC0-301F-11D3-BF4B-00C04F79EFBC}") = "Final Project-Version9.Editor", "Final Project-Version9.Editor.csproj", "{019BA305-9712-4AAD-1C92-CAFEFCDF94DB}"
EndProject
Global
	GlobalSection(SolutionConfigurationPlatforms) = preSolution
		Debug|Any CPU = Debug|Any CPU
		Release|Any CPU = Release|Any CPU
	EndGlobalSection
	GlobalSection(ProjectConfigurationPlatforms) = postSolution
		{F413E24A-275B-F6D3-A546-653F3191168D}.Debug|Any CPU.ActiveCfg = Debug|Any CPU
		{F413E24A-275B-F6D3-A546-653F3191168D}.Debug|Any CPU.Build.0 = Debug|Any CPU
		{F413E24A-275B-F6D3-A546-653F3191168D}.Release|Any CPU.ActiveCfg = Release|Any CPU
		{F413E24A-275B-F6D3-A546-653F3191168D}.Release|Any CPU.Build.0 = Release|Any CPU
		{019BA305-9712-4AAD-1C92-CAFEFCDF94DB}.Debug|Any CPU.ActiveCfg = Debug|Any CPU
		{019BA305-9712-4AAD-1C92-CAFEFCDF94DB}.Debug|Any CPU.Build.0 = Debug|Any CPU
		{019BA305-9712-4AAD-1C92-CAFEFCDF94DB}.Release|Any CPU.ActiveCfg = Release|Any CPU
		{019BA305-9712-4AAD-1C92-CAFEFCDF94DB}.Release|Any CPU.Build.0 = Release|Any CPU
	EndGlobalSection
	GlobalSection(SolutionProperties) = preSolution
		HideSolutionNode = FALSE
	EndGlobalSection
EndGlobal
